
Microsoft Visual Studio Solution File, Format Version 12.00
# Visual Studio Version 16
VisualStudioVersion = 16.0.31005.135
MinimumVisualStudioVersion = 10.0.40219.1
Project("{FAE04EC0-301F-11D3-BF4B-00C04F79EFBC}") = "EmpManagementApi", "EmpManagementApi\EmpManagementApi.csproj", "{659FEDBB-4C94-4624-A27C-87C5F092CA71}"
EndProject
Global
	GlobalSection(SolutionConfigurationPlatforms) = preSolution
		Debug|Any CPU = Debug|Any CPU
		Release|Any CPU = Release|Any CPU
	EndGlobalSection
	GlobalSection(ProjectConfigurationPlatforms) = postSolution
		{659FEDBB-4C94-4624-A27C-87C5F092CA71}.Debug|Any CPU.ActiveCfg = Debug|Any CPU
		{659FEDBB-4C94-4624-A27C-87C5F092CA71}.Debug|Any CPU.Build.0 = Debug|Any CPU
		{659FEDBB-4C94-4624-A27C-87C5F092CA71}.Release|Any CPU.ActiveCfg = Release|Any CPU
		{659FEDBB-4C94-4624-A27C-87C5F092CA71}.Release|Any CPU.Build.0 = Release|Any CPU
	EndGlobalSection
	GlobalSection(SolutionProperties) = preSolution
		HideSolutionNode = FALSE
	EndGlobalSection
	GlobalSection(ExtensibilityGlobals) = postSolution
		SolutionGuid = {59FC530F-442D-4080-99D8-90810618E074}
	EndGlobalSection
EndGlobal
